// !$*UTF8*$!
{
	archiveVersion = 1;
	classes = {
	};
	objectVersion = 56;
	objects = {

/* Begin PBXBuildFile section */
		4F31777F291BE4710019BDFC /* SceneDelegate.swift in Sources */ = {isa = PBXBuildFile; fileRef = 4F31777E291BE4710019BDFC /* SceneDelegate.swift */; };
		4F317786291BE4720019BDFC /* Assets.xcassets in Resources */ = {isa = PBXBuildFile; fileRef = 4F317785291BE4720019BDFC /* Assets.xcassets */; };
		4F317789291BE4720019BDFC /* LaunchScreen.storyboard in Resources */ = {isa = PBXBuildFile; fileRef = 4F317787291BE4720019BDFC /* LaunchScreen.storyboard */; };
		4F3177A3291BF70B0019BDFC /* RxCocoa in Frameworks */ = {isa = PBXBuildFile; productRef = 4F3177A2291BF70B0019BDFC /* RxCocoa */; };
		4F3177A7291BF70B0019BDFC /* RxRelay in Frameworks */ = {isa = PBXBuildFile; productRef = 4F3177A6291BF70B0019BDFC /* RxRelay */; };
		4F3177AB291BF70B0019BDFC /* RxSwift in Frameworks */ = {isa = PBXBuildFile; productRef = 4F3177AA291BF70B0019BDFC /* RxSwift */; };
		4F3177B0291BF7950019BDFC /* SnapKit in Frameworks */ = {isa = PBXBuildFile; productRef = 4F3177AF291BF7950019BDFC /* SnapKit */; };
		4F3177B5291BF7BC0019BDFC /* Kingfisher in Frameworks */ = {isa = PBXBuildFile; productRef = 4F3177B4291BF7BC0019BDFC /* Kingfisher */; };
		4F4E0D3E2924B925005ABA8F /* LoginRepository.swift in Sources */ = {isa = PBXBuildFile; fileRef = 4F4E0D3D2924B925005ABA8F /* LoginRepository.swift */; };
		4F4E0D74292521D0005ABA8F /* UserInfoDTO.swift in Sources */ = {isa = PBXBuildFile; fileRef = 4F4E0D73292521D0005ABA8F /* UserInfoDTO.swift */; };
		4F4E0D7629252236005ABA8F /* LoginEndpoint.swift in Sources */ = {isa = PBXBuildFile; fileRef = 4F4E0D7529252236005ABA8F /* LoginEndpoint.swift */; };
		4F4E0D79292522B7005ABA8F /* BaseURL.swift in Sources */ = {isa = PBXBuildFile; fileRef = 4F4E0D78292522B7005ABA8F /* BaseURL.swift */; };
		4F4E0D7B29252526005ABA8F /* TokenDTO.swift in Sources */ = {isa = PBXBuildFile; fileRef = 4F4E0D7A29252526005ABA8F /* TokenDTO.swift */; };
		4F6F74B1292C9BF3007E7AC1 /* UserInfo.swift in Sources */ = {isa = PBXBuildFile; fileRef = 4F6F74B0292C9BF3007E7AC1 /* UserInfo.swift */; };
		4F9A001B292227D7007D9057 /* NetworkManager.swift in Sources */ = {isa = PBXBuildFile; fileRef = 4F9A001A292227D7007D9057 /* NetworkManager.swift */; };
		4F9A001D29222B1B007D9057 /* Endpoint.swift in Sources */ = {isa = PBXBuildFile; fileRef = 4F9A001C29222B1B007D9057 /* Endpoint.swift */; };
		4F9A001F29222C97007D9057 /* NetworkError.swift in Sources */ = {isa = PBXBuildFile; fileRef = 4F9A001E29222C97007D9057 /* NetworkError.swift */; };
		4F9A00202922337F007D9057 /* LoginViewController.swift in Sources */ = {isa = PBXBuildFile; fileRef = 4F317780291BE4710019BDFC /* LoginViewController.swift */; };
		4F9A00212922338E007D9057 /* AppDelegate.swift in Sources */ = {isa = PBXBuildFile; fileRef = 4F31777C291BE4710019BDFC /* AppDelegate.swift */; };
		4FA05B97292DFCCC00AFB020 /* DiaryEditViewController.swift in Sources */ = {isa = PBXBuildFile; fileRef = 4FA05B96292DFCCC00AFB020 /* DiaryEditViewController.swift */; };
		4FA324262923600C00DB04D5 /* DiaryListDTO.swift in Sources */ = {isa = PBXBuildFile; fileRef = 4FA324252923600C00DB04D5 /* DiaryListDTO.swift */; };
		4FA32428292363AB00DB04D5 /* DiaryRepository.swift in Sources */ = {isa = PBXBuildFile; fileRef = 4FA32427292363AA00DB04D5 /* DiaryRepository.swift */; };
		4FA3242B2923646F00DB04D5 /* DiaryListItemEndpoint.swift in Sources */ = {isa = PBXBuildFile; fileRef = 4FA3242A2923646F00DB04D5 /* DiaryListItemEndpoint.swift */; };
		4FCAC5C2292B5C9000BF9CDD /* LoginSession.swift in Sources */ = {isa = PBXBuildFile; fileRef = 4FCAC5C1292B5C9000BF9CDD /* LoginSession.swift */; };
		4FEBFAAB291CF30E00E78139 /* DiaryListItem.swift in Sources */ = {isa = PBXBuildFile; fileRef = 4FEBFAAA291CF30E00E78139 /* DiaryListItem.swift */; };
		4FEBFAAD291CF62E00E78139 /* DiaryDetail.swift in Sources */ = {isa = PBXBuildFile; fileRef = 4FEBFAAC291CF62E00E78139 /* DiaryDetail.swift */; };
		4FEBFAAF291CF9F300E78139 /* MusicInfo.swift in Sources */ = {isa = PBXBuildFile; fileRef = 4FEBFAAE291CF9F300E78139 /* MusicInfo.swift */; };
		4FEBFAB1291CFB5500E78139 /* SHMediaItem+.swift in Sources */ = {isa = PBXBuildFile; fileRef = 4FEBFAB0291CFB5500E78139 /* SHMediaItem+.swift */; };
		666E6F7D291CF45600CECD4B /* Coordinator.swift in Sources */ = {isa = PBXBuildFile; fileRef = 666E6F7C291CF45600CECD4B /* Coordinator.swift */; };
		666E6F7F291CF46800CECD4B /* AppCoordinator.swift in Sources */ = {isa = PBXBuildFile; fileRef = 666E6F7E291CF46800CECD4B /* AppCoordinator.swift */; };
		666E6F81291CF49E00CECD4B /* LoginCoordinator.swift in Sources */ = {isa = PBXBuildFile; fileRef = 666E6F80291CF49E00CECD4B /* LoginCoordinator.swift */; };
		666E6F83291CF4A600CECD4B /* TabBarCoordinator.swift in Sources */ = {isa = PBXBuildFile; fileRef = 666E6F82291CF4A600CECD4B /* TabBarCoordinator.swift */; };
		666E6F85291CF4AD00CECD4B /* MyPageCoordinator.swift in Sources */ = {isa = PBXBuildFile; fileRef = 666E6F84291CF4AD00CECD4B /* MyPageCoordinator.swift */; };
		666E6F87291CF4B400CECD4B /* DiaryCoordinator.swift in Sources */ = {isa = PBXBuildFile; fileRef = 666E6F86291CF4B400CECD4B /* DiaryCoordinator.swift */; };
		666E6F8A291CF82700CECD4B /* TabBarPageCase.swift in Sources */ = {isa = PBXBuildFile; fileRef = 666E6F89291CF82700CECD4B /* TabBarPageCase.swift */; };
		666E6F8C291CFAC200CECD4B /* DiaryCollectionViewController.swift in Sources */ = {isa = PBXBuildFile; fileRef = 666E6F8B291CFAC200CECD4B /* DiaryCollectionViewController.swift */; };
		666E6F8E291CFADD00CECD4B /* MyPageViewController.swift in Sources */ = {isa = PBXBuildFile; fileRef = 666E6F8D291CFADD00CECD4B /* MyPageViewController.swift */; };
		6692A9EF292F605E00DDA835 /* SettingsViewController.swift in Sources */ = {isa = PBXBuildFile; fileRef = 6692A9EE292F605E00DDA835 /* SettingsViewController.swift */; };
		66F0D7EE2925FF8B0074872E /* DiaryCell.swift in Sources */ = {isa = PBXBuildFile; fileRef = 66F0D7ED2925FF8B0074872E /* DiaryCell.swift */; };
		66F0D7F729260BA20074872E /* GoogleSignIn in Frameworks */ = {isa = PBXBuildFile; productRef = 66F0D7F629260BA20074872E /* GoogleSignIn */; };
		791837FA292225C600BC6992 /* Cafe24Shiningstar.ttf in Resources */ = {isa = PBXBuildFile; fileRef = 791837F7292225BF00BC6992 /* Cafe24Shiningstar.ttf */; };
		791837FB292225C800BC6992 /* Cafe24Ssurround.ttf in Resources */ = {isa = PBXBuildFile; fileRef = 791837F9292225BF00BC6992 /* Cafe24Ssurround.ttf */; };
		791837FC292225CB00BC6992 /* Cafe24SsurroundAir.ttf in Resources */ = {isa = PBXBuildFile; fileRef = 791837F8292225BF00BC6992 /* Cafe24SsurroundAir.ttf */; };
		791837FF292225DC00BC6992 /* UIColor+.swift in Sources */ = {isa = PBXBuildFile; fileRef = 791837FD292225DC00BC6992 /* UIColor+.swift */; };
		79183800292225DC00BC6992 /* UIFont+.swift in Sources */ = {isa = PBXBuildFile; fileRef = 791837FE292225DC00BC6992 /* UIFont+.swift */; };
		7918380829233F7100BC6992 /* UIButton+.swift in Sources */ = {isa = PBXBuildFile; fileRef = 7918380729233F7100BC6992 /* UIButton+.swift */; };
		7940FB2F292E063100276EFC /* DiaryDetailDTO.swift in Sources */ = {isa = PBXBuildFile; fileRef = 7940FB2E292E063100276EFC /* DiaryDetailDTO.swift */; };
		7940FB31292E065100276EFC /* DiaryDetailEndpoint.swift in Sources */ = {isa = PBXBuildFile; fileRef = 7940FB30292E065100276EFC /* DiaryDetailEndpoint.swift */; };
		7940FB33292E065F00276EFC /* DiaryDetailUseCase.swift in Sources */ = {isa = PBXBuildFile; fileRef = 7940FB32292E065F00276EFC /* DiaryDetailUseCase.swift */; };
		982A2A472924AE74006F6ACD /* UserDefaultsKey.swift in Sources */ = {isa = PBXBuildFile; fileRef = 982A2A462924AE74006F6ACD /* UserDefaultsKey.swift */; };
		982A3699292C905300FDC6CF /* DiaryDetailViewController.swift in Sources */ = {isa = PBXBuildFile; fileRef = 982A3698292C905300FDC6CF /* DiaryDetailViewController.swift */; };
		982B3B7F292E68FB0077A44B /* DiaryDetailViewModel.swift in Sources */ = {isa = PBXBuildFile; fileRef = 982B3B7E292E68FB0077A44B /* DiaryDetailViewModel.swift */; };
		9841D6172925FACC00318EA9 /* LoginUseCase.swift in Sources */ = {isa = PBXBuildFile; fileRef = 9841D6162925FACC00318EA9 /* LoginUseCase.swift */; };
		9841D61B2926131200318EA9 /* LoginViewModel.swift in Sources */ = {isa = PBXBuildFile; fileRef = 9841D61A2926131200318EA9 /* LoginViewModel.swift */; };
		988414AE2922235B007C9132 /* LocalUtilityRepository.swift in Sources */ = {isa = PBXBuildFile; fileRef = 988414AD2922235B007C9132 /* LocalUtilityRepository.swift */; };
		988414D72923304F007C9132 /* KeychainError.swift in Sources */ = {isa = PBXBuildFile; fileRef = 988414D62923304F007C9132 /* KeychainError.swift */; };
		988414D929235345007C9132 /* DiaryCollectionViewModel.swift in Sources */ = {isa = PBXBuildFile; fileRef = 988414D829235345007C9132 /* DiaryCollectionViewModel.swift */; };
		988414DB2923606B007C9132 /* DiaryListUseCase.swift in Sources */ = {isa = PBXBuildFile; fileRef = 988414DA2923606B007C9132 /* DiaryListUseCase.swift */; };
		98B5263E292CA46C00446413 /* TagView.swift in Sources */ = {isa = PBXBuildFile; fileRef = 98B5263D292CA46C00446413 /* TagView.swift */; };
		98B52640292CB92900446413 /* MusicContentView.swift in Sources */ = {isa = PBXBuildFile; fileRef = 98B5263F292CB92900446413 /* MusicContentView.swift */; };
		98F5AD2A292DDDEB00E53E25 /* LocationContentView.swift in Sources */ = {isa = PBXBuildFile; fileRef = 98F5AD29292DDDEB00E53E25 /* LocationContentView.swift */; };
		98FDF8A1292F56580083FA05 /* Location.swift in Sources */ = {isa = PBXBuildFile; fileRef = 98FDF8A0292F56580083FA05 /* Location.swift */; };
		98FDF8A3292F5CCA0083FA05 /* MapKitViewController.swift in Sources */ = {isa = PBXBuildFile; fileRef = 98FDF8A2292F5CCA0083FA05 /* MapKitViewController.swift */; };
/* End PBXBuildFile section */

/* Begin PBXFileReference section */
		4F317779291BE4710019BDFC /* Segno.app */ = {isa = PBXFileReference; explicitFileType = wrapper.application; includeInIndex = 0; path = Segno.app; sourceTree = BUILT_PRODUCTS_DIR; };
		4F31777C291BE4710019BDFC /* AppDelegate.swift */ = {isa = PBXFileReference; lastKnownFileType = sourcecode.swift; path = AppDelegate.swift; sourceTree = "<group>"; };
		4F31777E291BE4710019BDFC /* SceneDelegate.swift */ = {isa = PBXFileReference; lastKnownFileType = sourcecode.swift; path = SceneDelegate.swift; sourceTree = "<group>"; };
		4F317780291BE4710019BDFC /* LoginViewController.swift */ = {isa = PBXFileReference; lastKnownFileType = sourcecode.swift; path = LoginViewController.swift; sourceTree = "<group>"; };
		4F317785291BE4720019BDFC /* Assets.xcassets */ = {isa = PBXFileReference; lastKnownFileType = folder.assetcatalog; path = Assets.xcassets; sourceTree = "<group>"; };
		4F317788291BE4720019BDFC /* Base */ = {isa = PBXFileReference; lastKnownFileType = file.storyboard; name = Base; path = Base.lproj/LaunchScreen.storyboard; sourceTree = "<group>"; };
		4F31778A291BE4720019BDFC /* Info.plist */ = {isa = PBXFileReference; lastKnownFileType = text.plist.xml; path = Info.plist; sourceTree = "<group>"; };
		4F4E0D3D2924B925005ABA8F /* LoginRepository.swift */ = {isa = PBXFileReference; lastKnownFileType = sourcecode.swift; path = LoginRepository.swift; sourceTree = "<group>"; };
		4F4E0D73292521D0005ABA8F /* UserInfoDTO.swift */ = {isa = PBXFileReference; lastKnownFileType = sourcecode.swift; path = UserInfoDTO.swift; sourceTree = "<group>"; };
		4F4E0D7529252236005ABA8F /* LoginEndpoint.swift */ = {isa = PBXFileReference; lastKnownFileType = sourcecode.swift; path = LoginEndpoint.swift; sourceTree = "<group>"; };
		4F4E0D78292522B7005ABA8F /* BaseURL.swift */ = {isa = PBXFileReference; lastKnownFileType = sourcecode.swift; path = BaseURL.swift; sourceTree = "<group>"; };
		4F4E0D7A29252526005ABA8F /* TokenDTO.swift */ = {isa = PBXFileReference; lastKnownFileType = sourcecode.swift; path = TokenDTO.swift; sourceTree = "<group>"; };
		4F6F74B0292C9BF3007E7AC1 /* UserInfo.swift */ = {isa = PBXFileReference; lastKnownFileType = sourcecode.swift; path = UserInfo.swift; sourceTree = "<group>"; };
		4F9A001A292227D7007D9057 /* NetworkManager.swift */ = {isa = PBXFileReference; lastKnownFileType = sourcecode.swift; path = NetworkManager.swift; sourceTree = "<group>"; };
		4F9A001C29222B1B007D9057 /* Endpoint.swift */ = {isa = PBXFileReference; lastKnownFileType = sourcecode.swift; path = Endpoint.swift; sourceTree = "<group>"; };
		4F9A001E29222C97007D9057 /* NetworkError.swift */ = {isa = PBXFileReference; lastKnownFileType = sourcecode.swift; path = NetworkError.swift; sourceTree = "<group>"; };
		4FA05B96292DFCCC00AFB020 /* DiaryEditViewController.swift */ = {isa = PBXFileReference; lastKnownFileType = sourcecode.swift; path = DiaryEditViewController.swift; sourceTree = "<group>"; };
		4FA324252923600C00DB04D5 /* DiaryListDTO.swift */ = {isa = PBXFileReference; lastKnownFileType = sourcecode.swift; path = DiaryListDTO.swift; sourceTree = "<group>"; };
		4FA32427292363AA00DB04D5 /* DiaryRepository.swift */ = {isa = PBXFileReference; lastKnownFileType = sourcecode.swift; path = DiaryRepository.swift; sourceTree = "<group>"; };
		4FA3242A2923646F00DB04D5 /* DiaryListItemEndpoint.swift */ = {isa = PBXFileReference; lastKnownFileType = sourcecode.swift; path = DiaryListItemEndpoint.swift; sourceTree = "<group>"; };
		4FCAC5C1292B5C9000BF9CDD /* LoginSession.swift */ = {isa = PBXFileReference; lastKnownFileType = sourcecode.swift; path = LoginSession.swift; sourceTree = "<group>"; };
		4FEBFAAA291CF30E00E78139 /* DiaryListItem.swift */ = {isa = PBXFileReference; lastKnownFileType = sourcecode.swift; path = DiaryListItem.swift; sourceTree = "<group>"; };
		4FEBFAAC291CF62E00E78139 /* DiaryDetail.swift */ = {isa = PBXFileReference; lastKnownFileType = sourcecode.swift; path = DiaryDetail.swift; sourceTree = "<group>"; };
		4FEBFAAE291CF9F300E78139 /* MusicInfo.swift */ = {isa = PBXFileReference; lastKnownFileType = sourcecode.swift; path = MusicInfo.swift; sourceTree = "<group>"; };
		4FEBFAB0291CFB5500E78139 /* SHMediaItem+.swift */ = {isa = PBXFileReference; lastKnownFileType = sourcecode.swift; path = "SHMediaItem+.swift"; sourceTree = "<group>"; };
		666E6F7C291CF45600CECD4B /* Coordinator.swift */ = {isa = PBXFileReference; lastKnownFileType = sourcecode.swift; path = Coordinator.swift; sourceTree = "<group>"; };
		666E6F7E291CF46800CECD4B /* AppCoordinator.swift */ = {isa = PBXFileReference; lastKnownFileType = sourcecode.swift; path = AppCoordinator.swift; sourceTree = "<group>"; };
		666E6F80291CF49E00CECD4B /* LoginCoordinator.swift */ = {isa = PBXFileReference; lastKnownFileType = sourcecode.swift; path = LoginCoordinator.swift; sourceTree = "<group>"; };
		666E6F82291CF4A600CECD4B /* TabBarCoordinator.swift */ = {isa = PBXFileReference; lastKnownFileType = sourcecode.swift; path = TabBarCoordinator.swift; sourceTree = "<group>"; };
		666E6F84291CF4AD00CECD4B /* MyPageCoordinator.swift */ = {isa = PBXFileReference; lastKnownFileType = sourcecode.swift; path = MyPageCoordinator.swift; sourceTree = "<group>"; };
		666E6F86291CF4B400CECD4B /* DiaryCoordinator.swift */ = {isa = PBXFileReference; lastKnownFileType = sourcecode.swift; path = DiaryCoordinator.swift; sourceTree = "<group>"; };
		666E6F89291CF82700CECD4B /* TabBarPageCase.swift */ = {isa = PBXFileReference; lastKnownFileType = sourcecode.swift; path = TabBarPageCase.swift; sourceTree = "<group>"; };
		666E6F8B291CFAC200CECD4B /* DiaryCollectionViewController.swift */ = {isa = PBXFileReference; lastKnownFileType = sourcecode.swift; path = DiaryCollectionViewController.swift; sourceTree = "<group>"; };
		666E6F8D291CFADD00CECD4B /* MyPageViewController.swift */ = {isa = PBXFileReference; lastKnownFileType = sourcecode.swift; path = MyPageViewController.swift; sourceTree = "<group>"; };
		6692A9EE292F605E00DDA835 /* SettingsViewController.swift */ = {isa = PBXFileReference; lastKnownFileType = sourcecode.swift; path = SettingsViewController.swift; sourceTree = "<group>"; };
		66F0D7ED2925FF8B0074872E /* DiaryCell.swift */ = {isa = PBXFileReference; fileEncoding = 4; lastKnownFileType = sourcecode.swift; path = DiaryCell.swift; sourceTree = "<group>"; };
		66F0D7EF292605AE0074872E /* Segno.entitlements */ = {isa = PBXFileReference; lastKnownFileType = text.plist.entitlements; path = Segno.entitlements; sourceTree = "<group>"; };
		791837F7292225BF00BC6992 /* Cafe24Shiningstar.ttf */ = {isa = PBXFileReference; lastKnownFileType = file; path = Cafe24Shiningstar.ttf; sourceTree = "<group>"; };
		791837F8292225BF00BC6992 /* Cafe24SsurroundAir.ttf */ = {isa = PBXFileReference; lastKnownFileType = file; path = Cafe24SsurroundAir.ttf; sourceTree = "<group>"; };
		791837F9292225BF00BC6992 /* Cafe24Ssurround.ttf */ = {isa = PBXFileReference; lastKnownFileType = file; path = Cafe24Ssurround.ttf; sourceTree = "<group>"; };
		791837FD292225DC00BC6992 /* UIColor+.swift */ = {isa = PBXFileReference; fileEncoding = 4; lastKnownFileType = sourcecode.swift; path = "UIColor+.swift"; sourceTree = "<group>"; };
		791837FE292225DC00BC6992 /* UIFont+.swift */ = {isa = PBXFileReference; fileEncoding = 4; lastKnownFileType = sourcecode.swift; path = "UIFont+.swift"; sourceTree = "<group>"; };
		7918380729233F7100BC6992 /* UIButton+.swift */ = {isa = PBXFileReference; lastKnownFileType = sourcecode.swift; path = "UIButton+.swift"; sourceTree = "<group>"; };
		7940FB2E292E063100276EFC /* DiaryDetailDTO.swift */ = {isa = PBXFileReference; fileEncoding = 4; lastKnownFileType = sourcecode.swift; path = DiaryDetailDTO.swift; sourceTree = "<group>"; };
		7940FB30292E065100276EFC /* DiaryDetailEndpoint.swift */ = {isa = PBXFileReference; fileEncoding = 4; lastKnownFileType = sourcecode.swift; path = DiaryDetailEndpoint.swift; sourceTree = "<group>"; };
		7940FB32292E065F00276EFC /* DiaryDetailUseCase.swift */ = {isa = PBXFileReference; fileEncoding = 4; lastKnownFileType = sourcecode.swift; path = DiaryDetailUseCase.swift; sourceTree = "<group>"; };
		982A2A462924AE74006F6ACD /* UserDefaultsKey.swift */ = {isa = PBXFileReference; lastKnownFileType = sourcecode.swift; path = UserDefaultsKey.swift; sourceTree = "<group>"; };
		982A3698292C905300FDC6CF /* DiaryDetailViewController.swift */ = {isa = PBXFileReference; fileEncoding = 4; lastKnownFileType = sourcecode.swift; path = DiaryDetailViewController.swift; sourceTree = "<group>"; };
		982B3B7E292E68FB0077A44B /* DiaryDetailViewModel.swift */ = {isa = PBXFileReference; fileEncoding = 4; lastKnownFileType = sourcecode.swift; path = DiaryDetailViewModel.swift; sourceTree = "<group>"; };
		9841D6162925FACC00318EA9 /* LoginUseCase.swift */ = {isa = PBXFileReference; lastKnownFileType = sourcecode.swift; path = LoginUseCase.swift; sourceTree = "<group>"; };
		9841D61A2926131200318EA9 /* LoginViewModel.swift */ = {isa = PBXFileReference; lastKnownFileType = sourcecode.swift; path = LoginViewModel.swift; sourceTree = "<group>"; };
		988414AD2922235B007C9132 /* LocalUtilityRepository.swift */ = {isa = PBXFileReference; lastKnownFileType = sourcecode.swift; path = LocalUtilityRepository.swift; sourceTree = "<group>"; };
		988414D62923304F007C9132 /* KeychainError.swift */ = {isa = PBXFileReference; lastKnownFileType = sourcecode.swift; path = KeychainError.swift; sourceTree = "<group>"; };
		988414D829235345007C9132 /* DiaryCollectionViewModel.swift */ = {isa = PBXFileReference; lastKnownFileType = sourcecode.swift; path = DiaryCollectionViewModel.swift; sourceTree = "<group>"; };
		988414DA2923606B007C9132 /* DiaryListUseCase.swift */ = {isa = PBXFileReference; lastKnownFileType = sourcecode.swift; path = DiaryListUseCase.swift; sourceTree = "<group>"; };
		98B5263D292CA46C00446413 /* TagView.swift */ = {isa = PBXFileReference; lastKnownFileType = sourcecode.swift; path = TagView.swift; sourceTree = "<group>"; };
		98B5263F292CB92900446413 /* MusicContentView.swift */ = {isa = PBXFileReference; lastKnownFileType = sourcecode.swift; path = MusicContentView.swift; sourceTree = "<group>"; };
		98F5AD29292DDDEB00E53E25 /* LocationContentView.swift */ = {isa = PBXFileReference; lastKnownFileType = sourcecode.swift; path = LocationContentView.swift; sourceTree = "<group>"; };
		98FDF8A0292F56580083FA05 /* Location.swift */ = {isa = PBXFileReference; lastKnownFileType = sourcecode.swift; path = Location.swift; sourceTree = "<group>"; };
		98FDF8A2292F5CCA0083FA05 /* MapKitViewController.swift */ = {isa = PBXFileReference; lastKnownFileType = sourcecode.swift; path = MapKitViewController.swift; sourceTree = "<group>"; };
/* End PBXFileReference section */

/* Begin PBXFrameworksBuildPhase section */
		4F317776291BE4710019BDFC /* Frameworks */ = {
			isa = PBXFrameworksBuildPhase;
			buildActionMask = 2147483647;
			files = (
				4F3177A7291BF70B0019BDFC /* RxRelay in Frameworks */,
				4F3177AB291BF70B0019BDFC /* RxSwift in Frameworks */,
				4F3177B5291BF7BC0019BDFC /* Kingfisher in Frameworks */,
				4F3177B0291BF7950019BDFC /* SnapKit in Frameworks */,
				4F3177A3291BF70B0019BDFC /* RxCocoa in Frameworks */,
				66F0D7F729260BA20074872E /* GoogleSignIn in Frameworks */,
			);
			runOnlyForDeploymentPostprocessing = 0;
		};
/* End PBXFrameworksBuildPhase section */

/* Begin PBXGroup section */
		4F317770291BE4710019BDFC = {
			isa = PBXGroup;
			children = (
				4F31777B291BE4710019BDFC /* Segno */,
				4F31777A291BE4710019BDFC /* Products */,
			);
			sourceTree = "<group>";
		};
		4F31777A291BE4710019BDFC /* Products */ = {
			isa = PBXGroup;
			children = (
				4F317779291BE4710019BDFC /* Segno.app */,
			);
			name = Products;
			sourceTree = "<group>";
		};
		4F31777B291BE4710019BDFC /* Segno */ = {
			isa = PBXGroup;
			children = (
				66F0D7EF292605AE0074872E /* Segno.entitlements */,
				4F317796291BEB900019BDFC /* Extension */,
				4F317795291BEB890019BDFC /* Application */,
				4F317794291BEB7C0019BDFC /* Domain */,
				4F317793291BEB670019BDFC /* Entity */,
				4F317792291BEB5E0019BDFC /* Presentation */,
				4F317791291BEB490019BDFC /* Data */,
				4F317790291BEB340019BDFC /* Resource */,
			);
			path = Segno;
			sourceTree = "<group>";
		};
		4F317790291BEB340019BDFC /* Resource */ = {
			isa = PBXGroup;
			children = (
				791837F6292225B800BC6992 /* Font */,
				4F317785291BE4720019BDFC /* Assets.xcassets */,
				4F317787291BE4720019BDFC /* LaunchScreen.storyboard */,
				4F31778A291BE4720019BDFC /* Info.plist */,
			);
			path = Resource;
			sourceTree = "<group>";
		};
		4F317791291BEB490019BDFC /* Data */ = {
			isa = PBXGroup;
			children = (
				4FCAC5C3292B792200BF9CDD /* Session */,
				4F3177A0291BF1810019BDFC /* Repository */,
				4F31779F291BF1780019BDFC /* Network */,
				988414D62923304F007C9132 /* KeychainError.swift */,
			);
			path = Data;
			sourceTree = "<group>";
		};
		4F317792291BEB5E0019BDFC /* Presentation */ = {
			isa = PBXGroup;
			children = (
				4F31779C291BEE900019BDFC /* Coordinator */,
				4F31779B291BEE890019BDFC /* View */,
				4F31779A291BEE810019BDFC /* ViewController */,
				4F317799291BEE790019BDFC /* ViewModel */,
			);
			path = Presentation;
			sourceTree = "<group>";
		};
		4F317793291BEB670019BDFC /* Entity */ = {
			isa = PBXGroup;
			children = (
				4FEBFAAA291CF30E00E78139 /* DiaryListItem.swift */,
				4FEBFAAC291CF62E00E78139 /* DiaryDetail.swift */,
				4FEBFAAE291CF9F300E78139 /* MusicInfo.swift */,
				4F6F74B0292C9BF3007E7AC1 /* UserInfo.swift */,
				98FDF8A0292F56580083FA05 /* Location.swift */,
			);
			path = Entity;
			sourceTree = "<group>";
		};
		4F317794291BEB7C0019BDFC /* Domain */ = {
			isa = PBXGroup;
			children = (
				4F317797291BEE3D0019BDFC /* UseCase */,
			);
			path = Domain;
			sourceTree = "<group>";
		};
		4F317795291BEB890019BDFC /* Application */ = {
			isa = PBXGroup;
			children = (
				4F31777C291BE4710019BDFC /* AppDelegate.swift */,
				4F31777E291BE4710019BDFC /* SceneDelegate.swift */,
				666E6F7E291CF46800CECD4B /* AppCoordinator.swift */,
			);
			path = Application;
			sourceTree = "<group>";
		};
		4F317796291BEB900019BDFC /* Extension */ = {
			isa = PBXGroup;
			children = (
				791837FD292225DC00BC6992 /* UIColor+.swift */,
				791837FE292225DC00BC6992 /* UIFont+.swift */,
				4FEBFAB0291CFB5500E78139 /* SHMediaItem+.swift */,
				7918380729233F7100BC6992 /* UIButton+.swift */,
			);
			path = Extension;
			sourceTree = "<group>";
		};
		4F317797291BEE3D0019BDFC /* UseCase */ = {
			isa = PBXGroup;
			children = (
				9841D6162925FACC00318EA9 /* LoginUseCase.swift */,
				7940FB32292E065F00276EFC /* DiaryDetailUseCase.swift */,
				988414DA2923606B007C9132 /* DiaryListUseCase.swift */,
			);
			path = UseCase;
			sourceTree = "<group>";
		};
		4F317799291BEE790019BDFC /* ViewModel */ = {
			isa = PBXGroup;
			children = (
				9841D61A2926131200318EA9 /* LoginViewModel.swift */,
				982B3B7E292E68FB0077A44B /* DiaryDetailViewModel.swift */,
				988414D829235345007C9132 /* DiaryCollectionViewModel.swift */,
			);
			path = ViewModel;
			sourceTree = "<group>";
		};
		4F31779A291BEE810019BDFC /* ViewController */ = {
			isa = PBXGroup;
			children = (
				4F317780291BE4710019BDFC /* LoginViewController.swift */,
				666E6F8B291CFAC200CECD4B /* DiaryCollectionViewController.swift */,
				982A3698292C905300FDC6CF /* DiaryDetailViewController.swift */,
				4FA05B96292DFCCC00AFB020 /* DiaryEditViewController.swift */,
				666E6F8D291CFADD00CECD4B /* MyPageViewController.swift */,
				98FDF8A2292F5CCA0083FA05 /* MapKitViewController.swift */,
				6692A9EE292F605E00DDA835 /* SettingsViewController.swift */,
			);
			path = ViewController;
			sourceTree = "<group>";
		};
		4F31779B291BEE890019BDFC /* View */ = {
			isa = PBXGroup;
			children = (
				66F0D7ED2925FF8B0074872E /* DiaryCell.swift */,
				98B5263D292CA46C00446413 /* TagView.swift */,
				98B5263F292CB92900446413 /* MusicContentView.swift */,
				98F5AD29292DDDEB00E53E25 /* LocationContentView.swift */,
			);
			path = View;
			sourceTree = "<group>";
		};
		4F31779C291BEE900019BDFC /* Coordinator */ = {
			isa = PBXGroup;
			children = (
				666E6F7C291CF45600CECD4B /* Coordinator.swift */,
				666E6F80291CF49E00CECD4B /* LoginCoordinator.swift */,
				666E6F88291CF81200CECD4B /* TabBar */,
				666E6F86291CF4B400CECD4B /* DiaryCoordinator.swift */,
				666E6F84291CF4AD00CECD4B /* MyPageCoordinator.swift */,
			);
			path = Coordinator;
			sourceTree = "<group>";
		};
		4F31779F291BF1780019BDFC /* Network */ = {
			isa = PBXGroup;
			children = (
				4F4E0D77292522AC005ABA8F /* Namespaces */,
				4FA324292923646200DB04D5 /* Endpoints */,
				4F9A001A292227D7007D9057 /* NetworkManager.swift */,
				4F9A001C29222B1B007D9057 /* Endpoint.swift */,
				4F9A001E29222C97007D9057 /* NetworkError.swift */,
			);
			path = Network;
			sourceTree = "<group>";
		};
		4F3177A0291BF1810019BDFC /* Repository */ = {
			isa = PBXGroup;
			children = (
				4FA3242429235FF800DB04D5 /* DTO */,
				988414AD2922235B007C9132 /* LocalUtilityRepository.swift */,
				4FA32427292363AA00DB04D5 /* DiaryRepository.swift */,
				982A2A462924AE74006F6ACD /* UserDefaultsKey.swift */,
				4F4E0D3D2924B925005ABA8F /* LoginRepository.swift */,
			);
			path = Repository;
			sourceTree = "<group>";
		};
		4F4E0D77292522AC005ABA8F /* Namespaces */ = {
			isa = PBXGroup;
			children = (
				4F4E0D78292522B7005ABA8F /* BaseURL.swift */,
			);
			path = Namespaces;
			sourceTree = "<group>";
		};
		4FA3242429235FF800DB04D5 /* DTO */ = {
			isa = PBXGroup;
			children = (
				4FA324252923600C00DB04D5 /* DiaryListDTO.swift */,
				4F4E0D73292521D0005ABA8F /* UserInfoDTO.swift */,
				7940FB2E292E063100276EFC /* DiaryDetailDTO.swift */,
				4F4E0D7A29252526005ABA8F /* TokenDTO.swift */,
			);
			path = DTO;
			sourceTree = "<group>";
		};
		4FA324292923646200DB04D5 /* Endpoints */ = {
			isa = PBXGroup;
			children = (
				4FA3242A2923646F00DB04D5 /* DiaryListItemEndpoint.swift */,
				7940FB30292E065100276EFC /* DiaryDetailEndpoint.swift */,
				4F4E0D7529252236005ABA8F /* LoginEndpoint.swift */,
			);
			path = Endpoints;
			sourceTree = "<group>";
		};
		4FCAC5C3292B792200BF9CDD /* Session */ = {
			isa = PBXGroup;
			children = (
				4FCAC5C1292B5C9000BF9CDD /* LoginSession.swift */,
			);
			path = Session;
			sourceTree = "<group>";
		};
		666E6F88291CF81200CECD4B /* TabBar */ = {
			isa = PBXGroup;
			children = (
				666E6F82291CF4A600CECD4B /* TabBarCoordinator.swift */,
				666E6F89291CF82700CECD4B /* TabBarPageCase.swift */,
			);
			path = TabBar;
			sourceTree = "<group>";
		};
		791837F6292225B800BC6992 /* Font */ = {
			isa = PBXGroup;
			children = (
				791837F7292225BF00BC6992 /* Cafe24Shiningstar.ttf */,
				791837F9292225BF00BC6992 /* Cafe24Ssurround.ttf */,
				791837F8292225BF00BC6992 /* Cafe24SsurroundAir.ttf */,
			);
			path = Font;
			sourceTree = "<group>";
		};
/* End PBXGroup section */

/* Begin PBXNativeTarget section */
		4F317778291BE4710019BDFC /* Segno */ = {
			isa = PBXNativeTarget;
			buildConfigurationList = 4F31778D291BE4720019BDFC /* Build configuration list for PBXNativeTarget "Segno" */;
			buildPhases = (
				4F317775291BE4710019BDFC /* Sources */,
				4F317776291BE4710019BDFC /* Frameworks */,
				4F317777291BE4710019BDFC /* Resources */,
			);
			buildRules = (
			);
			dependencies = (
			);
			name = Segno;
			packageProductDependencies = (
				4F3177A2291BF70B0019BDFC /* RxCocoa */,
				4F3177A6291BF70B0019BDFC /* RxRelay */,
				4F3177AA291BF70B0019BDFC /* RxSwift */,
				4F3177AF291BF7950019BDFC /* SnapKit */,
				4F3177B4291BF7BC0019BDFC /* Kingfisher */,
				66F0D7F629260BA20074872E /* GoogleSignIn */,
			);
			productName = Segno;
			productReference = 4F317779291BE4710019BDFC /* Segno.app */;
			productType = "com.apple.product-type.application";
		};
/* End PBXNativeTarget section */

/* Begin PBXProject section */
		4F317771291BE4710019BDFC /* Project object */ = {
			isa = PBXProject;
			attributes = {
				BuildIndependentTargetsInParallel = 1;
				LastSwiftUpdateCheck = 1410;
				LastUpgradeCheck = 1410;
				TargetAttributes = {
					4F317778291BE4710019BDFC = {
						CreatedOnToolsVersion = 14.1;
					};
				};
			};
			buildConfigurationList = 4F317774291BE4710019BDFC /* Build configuration list for PBXProject "Segno" */;
			compatibilityVersion = "Xcode 14.0";
			developmentRegion = en;
			hasScannedForEncodings = 0;
			knownRegions = (
				en,
				Base,
			);
			mainGroup = 4F317770291BE4710019BDFC;
			packageReferences = (
				4F3177A1291BF70B0019BDFC /* XCRemoteSwiftPackageReference "RxSwift" */,
				4F3177AE291BF7950019BDFC /* XCRemoteSwiftPackageReference "SnapKit" */,
				4F3177B3291BF7BC0019BDFC /* XCRemoteSwiftPackageReference "Kingfisher" */,
				66F0D7F529260BA20074872E /* XCRemoteSwiftPackageReference "GoogleSignIn-iOS" */,
			);
			productRefGroup = 4F31777A291BE4710019BDFC /* Products */;
			projectDirPath = "";
			projectRoot = "";
			targets = (
				4F317778291BE4710019BDFC /* Segno */,
			);
		};
/* End PBXProject section */

/* Begin PBXResourcesBuildPhase section */
		4F317777291BE4710019BDFC /* Resources */ = {
			isa = PBXResourcesBuildPhase;
			buildActionMask = 2147483647;
			files = (
				791837FA292225C600BC6992 /* Cafe24Shiningstar.ttf in Resources */,
				791837FB292225C800BC6992 /* Cafe24Ssurround.ttf in Resources */,
				791837FC292225CB00BC6992 /* Cafe24SsurroundAir.ttf in Resources */,
				4F317789291BE4720019BDFC /* LaunchScreen.storyboard in Resources */,
				4F317786291BE4720019BDFC /* Assets.xcassets in Resources */,
			);
			runOnlyForDeploymentPostprocessing = 0;
		};
/* End PBXResourcesBuildPhase section */

/* Begin PBXSourcesBuildPhase section */
		4F317775291BE4710019BDFC /* Sources */ = {
			isa = PBXSourcesBuildPhase;
			buildActionMask = 2147483647;
			files = (
				98F5AD2A292DDDEB00E53E25 /* LocationContentView.swift in Sources */,
				4F4E0D3E2924B925005ABA8F /* LoginRepository.swift in Sources */,
				4F9A00212922338E007D9057 /* AppDelegate.swift in Sources */,
				66F0D7EE2925FF8B0074872E /* DiaryCell.swift in Sources */,
				4F9A00202922337F007D9057 /* LoginViewController.swift in Sources */,
				982A2A472924AE74006F6ACD /* UserDefaultsKey.swift in Sources */,
				4F9A001B292227D7007D9057 /* NetworkManager.swift in Sources */,
				9841D6172925FACC00318EA9 /* LoginUseCase.swift in Sources */,
				4FEBFAAD291CF62E00E78139 /* DiaryDetail.swift in Sources */,
				4FEBFAB1291CFB5500E78139 /* SHMediaItem+.swift in Sources */,
				988414AE2922235B007C9132 /* LocalUtilityRepository.swift in Sources */,
				988414D929235345007C9132 /* DiaryCollectionViewModel.swift in Sources */,
				4FEBFAAF291CF9F300E78139 /* MusicInfo.swift in Sources */,
				4FEBFAAB291CF30E00E78139 /* DiaryListItem.swift in Sources */,
				7918380829233F7100BC6992 /* UIButton+.swift in Sources */,
				4F4E0D7B29252526005ABA8F /* TokenDTO.swift in Sources */,
				666E6F81291CF49E00CECD4B /* LoginCoordinator.swift in Sources */,
				7940FB31292E065100276EFC /* DiaryDetailEndpoint.swift in Sources */,
				666E6F85291CF4AD00CECD4B /* MyPageCoordinator.swift in Sources */,
				4F4E0D79292522B7005ABA8F /* BaseURL.swift in Sources */,
				4FA05B97292DFCCC00AFB020 /* DiaryEditViewController.swift in Sources */,
				988414DB2923606B007C9132 /* DiaryListUseCase.swift in Sources */,
				982B3B7F292E68FB0077A44B /* DiaryDetailViewModel.swift in Sources */,
				4FCAC5C2292B5C9000BF9CDD /* LoginSession.swift in Sources */,
				666E6F7D291CF45600CECD4B /* Coordinator.swift in Sources */,
				982A3699292C905300FDC6CF /* DiaryDetailViewController.swift in Sources */,
				666E6F8C291CFAC200CECD4B /* DiaryCollectionViewController.swift in Sources */,
				666E6F8A291CF82700CECD4B /* TabBarPageCase.swift in Sources */,
				79183800292225DC00BC6992 /* UIFont+.swift in Sources */,
				666E6F83291CF4A600CECD4B /* TabBarCoordinator.swift in Sources */,
				4F9A001D29222B1B007D9057 /* Endpoint.swift in Sources */,
				4F9A001F29222C97007D9057 /* NetworkError.swift in Sources */,
				98FDF8A1292F56580083FA05 /* Location.swift in Sources */,
				7940FB33292E065F00276EFC /* DiaryDetailUseCase.swift in Sources */,
				6692A9EF292F605E00DDA835 /* SettingsViewController.swift in Sources */,
				666E6F8E291CFADD00CECD4B /* MyPageViewController.swift in Sources */,
				4F6F74B1292C9BF3007E7AC1 /* UserInfo.swift in Sources */,
				98FDF8A3292F5CCA0083FA05 /* MapKitViewController.swift in Sources */,
				4FA3242B2923646F00DB04D5 /* DiaryListItemEndpoint.swift in Sources */,
				791837FF292225DC00BC6992 /* UIColor+.swift in Sources */,
				666E6F7F291CF46800CECD4B /* AppCoordinator.swift in Sources */,
				9841D61B2926131200318EA9 /* LoginViewModel.swift in Sources */,
				988414D72923304F007C9132 /* KeychainError.swift in Sources */,
				98B5263E292CA46C00446413 /* TagView.swift in Sources */,
				7940FB2F292E063100276EFC /* DiaryDetailDTO.swift in Sources */,
				4F4E0D7629252236005ABA8F /* LoginEndpoint.swift in Sources */,
				4FA324262923600C00DB04D5 /* DiaryListDTO.swift in Sources */,
				666E6F87291CF4B400CECD4B /* DiaryCoordinator.swift in Sources */,
				4F31777F291BE4710019BDFC /* SceneDelegate.swift in Sources */,
				4F4E0D74292521D0005ABA8F /* UserInfoDTO.swift in Sources */,
				98B52640292CB92900446413 /* MusicContentView.swift in Sources */,
				4FA32428292363AB00DB04D5 /* DiaryRepository.swift in Sources */,
			);
			runOnlyForDeploymentPostprocessing = 0;
		};
/* End PBXSourcesBuildPhase section */

/* Begin PBXVariantGroup section */
		4F317787291BE4720019BDFC /* LaunchScreen.storyboard */ = {
			isa = PBXVariantGroup;
			children = (
				4F317788291BE4720019BDFC /* Base */,
			);
			name = LaunchScreen.storyboard;
			sourceTree = "<group>";
		};
/* End PBXVariantGroup section */

/* Begin XCBuildConfiguration section */
		4F31778B291BE4720019BDFC /* Debug */ = {
			isa = XCBuildConfiguration;
			buildSettings = {
				ALWAYS_SEARCH_USER_PATHS = NO;
				CLANG_ANALYZER_NONNULL = YES;
				CLANG_ANALYZER_NUMBER_OBJECT_CONVERSION = YES_AGGRESSIVE;
				CLANG_CXX_LANGUAGE_STANDARD = "gnu++20";
				CLANG_ENABLE_MODULES = YES;
				CLANG_ENABLE_OBJC_ARC = YES;
				CLANG_ENABLE_OBJC_WEAK = YES;
				CLANG_WARN_BLOCK_CAPTURE_AUTORELEASING = YES;
				CLANG_WARN_BOOL_CONVERSION = YES;
				CLANG_WARN_COMMA = YES;
				CLANG_WARN_CONSTANT_CONVERSION = YES;
				CLANG_WARN_DEPRECATED_OBJC_IMPLEMENTATIONS = YES;
				CLANG_WARN_DIRECT_OBJC_ISA_USAGE = YES_ERROR;
				CLANG_WARN_DOCUMENTATION_COMMENTS = YES;
				CLANG_WARN_EMPTY_BODY = YES;
				CLANG_WARN_ENUM_CONVERSION = YES;
				CLANG_WARN_INFINITE_RECURSION = YES;
				CLANG_WARN_INT_CONVERSION = YES;
				CLANG_WARN_NON_LITERAL_NULL_CONVERSION = YES;
				CLANG_WARN_OBJC_IMPLICIT_RETAIN_SELF = YES;
				CLANG_WARN_OBJC_LITERAL_CONVERSION = YES;
				CLANG_WARN_OBJC_ROOT_CLASS = YES_ERROR;
				CLANG_WARN_QUOTED_INCLUDE_IN_FRAMEWORK_HEADER = YES;
				CLANG_WARN_RANGE_LOOP_ANALYSIS = YES;
				CLANG_WARN_STRICT_PROTOTYPES = YES;
				CLANG_WARN_SUSPICIOUS_MOVE = YES;
				CLANG_WARN_UNGUARDED_AVAILABILITY = YES_AGGRESSIVE;
				CLANG_WARN_UNREACHABLE_CODE = YES;
				CLANG_WARN__DUPLICATE_METHOD_MATCH = YES;
				COPY_PHASE_STRIP = NO;
				DEBUG_INFORMATION_FORMAT = dwarf;
				ENABLE_STRICT_OBJC_MSGSEND = YES;
				ENABLE_TESTABILITY = YES;
				GCC_C_LANGUAGE_STANDARD = gnu11;
				GCC_DYNAMIC_NO_PIC = NO;
				GCC_NO_COMMON_BLOCKS = YES;
				GCC_OPTIMIZATION_LEVEL = 0;
				GCC_PREPROCESSOR_DEFINITIONS = (
					"DEBUG=1",
					"$(inherited)",
				);
				GCC_WARN_64_TO_32_BIT_CONVERSION = YES;
				GCC_WARN_ABOUT_RETURN_TYPE = YES_ERROR;
				GCC_WARN_UNDECLARED_SELECTOR = YES;
				GCC_WARN_UNINITIALIZED_AUTOS = YES_AGGRESSIVE;
				GCC_WARN_UNUSED_FUNCTION = YES;
				GCC_WARN_UNUSED_VARIABLE = YES;
				IPHONEOS_DEPLOYMENT_TARGET = 16.1;
				MTL_ENABLE_DEBUG_INFO = INCLUDE_SOURCE;
				MTL_FAST_MATH = YES;
				ONLY_ACTIVE_ARCH = YES;
				SDKROOT = iphoneos;
				SWIFT_ACTIVE_COMPILATION_CONDITIONS = DEBUG;
				SWIFT_OPTIMIZATION_LEVEL = "-Onone";
			};
			name = Debug;
		};
		4F31778C291BE4720019BDFC /* Release */ = {
			isa = XCBuildConfiguration;
			buildSettings = {
				ALWAYS_SEARCH_USER_PATHS = NO;
				CLANG_ANALYZER_NONNULL = YES;
				CLANG_ANALYZER_NUMBER_OBJECT_CONVERSION = YES_AGGRESSIVE;
				CLANG_CXX_LANGUAGE_STANDARD = "gnu++20";
				CLANG_ENABLE_MODULES = YES;
				CLANG_ENABLE_OBJC_ARC = YES;
				CLANG_ENABLE_OBJC_WEAK = YES;
				CLANG_WARN_BLOCK_CAPTURE_AUTORELEASING = YES;
				CLANG_WARN_BOOL_CONVERSION = YES;
				CLANG_WARN_COMMA = YES;
				CLANG_WARN_CONSTANT_CONVERSION = YES;
				CLANG_WARN_DEPRECATED_OBJC_IMPLEMENTATIONS = YES;
				CLANG_WARN_DIRECT_OBJC_ISA_USAGE = YES_ERROR;
				CLANG_WARN_DOCUMENTATION_COMMENTS = YES;
				CLANG_WARN_EMPTY_BODY = YES;
				CLANG_WARN_ENUM_CONVERSION = YES;
				CLANG_WARN_INFINITE_RECURSION = YES;
				CLANG_WARN_INT_CONVERSION = YES;
				CLANG_WARN_NON_LITERAL_NULL_CONVERSION = YES;
				CLANG_WARN_OBJC_IMPLICIT_RETAIN_SELF = YES;
				CLANG_WARN_OBJC_LITERAL_CONVERSION = YES;
				CLANG_WARN_OBJC_ROOT_CLASS = YES_ERROR;
				CLANG_WARN_QUOTED_INCLUDE_IN_FRAMEWORK_HEADER = YES;
				CLANG_WARN_RANGE_LOOP_ANALYSIS = YES;
				CLANG_WARN_STRICT_PROTOTYPES = YES;
				CLANG_WARN_SUSPICIOUS_MOVE = YES;
				CLANG_WARN_UNGUARDED_AVAILABILITY = YES_AGGRESSIVE;
				CLANG_WARN_UNREACHABLE_CODE = YES;
				CLANG_WARN__DUPLICATE_METHOD_MATCH = YES;
				COPY_PHASE_STRIP = NO;
				DEBUG_INFORMATION_FORMAT = "dwarf-with-dsym";
				ENABLE_NS_ASSERTIONS = NO;
				ENABLE_STRICT_OBJC_MSGSEND = YES;
				GCC_C_LANGUAGE_STANDARD = gnu11;
				GCC_NO_COMMON_BLOCKS = YES;
				GCC_WARN_64_TO_32_BIT_CONVERSION = YES;
				GCC_WARN_ABOUT_RETURN_TYPE = YES_ERROR;
				GCC_WARN_UNDECLARED_SELECTOR = YES;
				GCC_WARN_UNINITIALIZED_AUTOS = YES_AGGRESSIVE;
				GCC_WARN_UNUSED_FUNCTION = YES;
				GCC_WARN_UNUSED_VARIABLE = YES;
				IPHONEOS_DEPLOYMENT_TARGET = 16.1;
				MTL_ENABLE_DEBUG_INFO = NO;
				MTL_FAST_MATH = YES;
				SDKROOT = iphoneos;
				SWIFT_COMPILATION_MODE = wholemodule;
				SWIFT_OPTIMIZATION_LEVEL = "-O";
				VALIDATE_PRODUCT = YES;
			};
			name = Release;
		};
		4F31778E291BE4720019BDFC /* Debug */ = {
			isa = XCBuildConfiguration;
			buildSettings = {
				ASSETCATALOG_COMPILER_APPICON_NAME = AppIcon;
				ASSETCATALOG_COMPILER_GLOBAL_ACCENT_COLOR_NAME = AccentColor;
				CODE_SIGN_ENTITLEMENTS = Segno/Segno.entitlements;
				CODE_SIGN_STYLE = Automatic;
				CURRENT_PROJECT_VERSION = 1;
				DEVELOPMENT_TEAM = H5UNW2D34P;
				GENERATE_INFOPLIST_FILE = YES;
				INFOPLIST_FILE = Segno/Resource/Info.plist;
				INFOPLIST_KEY_UIApplicationSupportsIndirectInputEvents = YES;
				INFOPLIST_KEY_UILaunchStoryboardName = LaunchScreen;
				INFOPLIST_KEY_UISupportedInterfaceOrientations_iPad = "UIInterfaceOrientationPortrait UIInterfaceOrientationPortraitUpsideDown UIInterfaceOrientationLandscapeLeft UIInterfaceOrientationLandscapeRight";
				INFOPLIST_KEY_UISupportedInterfaceOrientations_iPhone = "UIInterfaceOrientationPortrait UIInterfaceOrientationLandscapeLeft UIInterfaceOrientationLandscapeRight";
				IPHONEOS_DEPLOYMENT_TARGET = 15.0;
				LD_RUNPATH_SEARCH_PATHS = (
					"$(inherited)",
					"@executable_path/Frameworks",
				);
				MARKETING_VERSION = 1.0;
				PRODUCT_BUNDLE_IDENTIFIER = com.oldstar.segnobydalsegno;
				PRODUCT_NAME = "$(TARGET_NAME)";
				SWIFT_EMIT_LOC_STRINGS = YES;
				SWIFT_VERSION = 5.0;
				TARGETED_DEVICE_FAMILY = "1,2";
			};
			name = Debug;
		};
		4F31778F291BE4720019BDFC /* Release */ = {
			isa = XCBuildConfiguration;
			buildSettings = {
				ASSETCATALOG_COMPILER_APPICON_NAME = AppIcon;
				ASSETCATALOG_COMPILER_GLOBAL_ACCENT_COLOR_NAME = AccentColor;
				CODE_SIGN_ENTITLEMENTS = Segno/Segno.entitlements;
				CODE_SIGN_STYLE = Automatic;
				CURRENT_PROJECT_VERSION = 1;
				DEVELOPMENT_TEAM = H5UNW2D34P;
				GENERATE_INFOPLIST_FILE = YES;
				INFOPLIST_FILE = Segno/Resource/Info.plist;
				INFOPLIST_KEY_UIApplicationSupportsIndirectInputEvents = YES;
				INFOPLIST_KEY_UILaunchStoryboardName = LaunchScreen;
				INFOPLIST_KEY_UISupportedInterfaceOrientations_iPad = "UIInterfaceOrientationPortrait UIInterfaceOrientationPortraitUpsideDown UIInterfaceOrientationLandscapeLeft UIInterfaceOrientationLandscapeRight";
				INFOPLIST_KEY_UISupportedInterfaceOrientations_iPhone = "UIInterfaceOrientationPortrait UIInterfaceOrientationLandscapeLeft UIInterfaceOrientationLandscapeRight";
				IPHONEOS_DEPLOYMENT_TARGET = 15.0;
				LD_RUNPATH_SEARCH_PATHS = (
					"$(inherited)",
					"@executable_path/Frameworks",
				);
				MARKETING_VERSION = 1.0;
				PRODUCT_BUNDLE_IDENTIFIER = com.oldstar.segnobydalsegno;
				PRODUCT_NAME = "$(TARGET_NAME)";
				SWIFT_EMIT_LOC_STRINGS = YES;
				SWIFT_VERSION = 5.0;
				TARGETED_DEVICE_FAMILY = "1,2";
			};
			name = Release;
		};
/* End XCBuildConfiguration section */

/* Begin XCConfigurationList section */
		4F317774291BE4710019BDFC /* Build configuration list for PBXProject "Segno" */ = {
			isa = XCConfigurationList;
			buildConfigurations = (
				4F31778B291BE4720019BDFC /* Debug */,
				4F31778C291BE4720019BDFC /* Release */,
			);
			defaultConfigurationIsVisible = 0;
			defaultConfigurationName = Release;
		};
		4F31778D291BE4720019BDFC /* Build configuration list for PBXNativeTarget "Segno" */ = {
			isa = XCConfigurationList;
			buildConfigurations = (
				4F31778E291BE4720019BDFC /* Debug */,
				4F31778F291BE4720019BDFC /* Release */,
			);
			defaultConfigurationIsVisible = 0;
			defaultConfigurationName = Release;
		};
/* End XCConfigurationList section */

/* Begin XCRemoteSwiftPackageReference section */
		4F3177A1291BF70B0019BDFC /* XCRemoteSwiftPackageReference "RxSwift" */ = {
			isa = XCRemoteSwiftPackageReference;
			repositoryURL = "https://github.com/ReactiveX/RxSwift";
			requirement = {
				kind = upToNextMajorVersion;
				minimumVersion = 6.0.0;
			};
		};
		4F3177AE291BF7950019BDFC /* XCRemoteSwiftPackageReference "SnapKit" */ = {
			isa = XCRemoteSwiftPackageReference;
			repositoryURL = "https://github.com/SnapKit/SnapKit";
			requirement = {
				kind = upToNextMajorVersion;
				minimumVersion = 5.0.0;
			};
		};
		4F3177B3291BF7BC0019BDFC /* XCRemoteSwiftPackageReference "Kingfisher" */ = {
			isa = XCRemoteSwiftPackageReference;
			repositoryURL = "https://github.com/onevcat/Kingfisher";
			requirement = {
				kind = upToNextMajorVersion;
				minimumVersion = 7.0.0;
			};
		};
		66F0D7F529260BA20074872E /* XCRemoteSwiftPackageReference "GoogleSignIn-iOS" */ = {
			isa = XCRemoteSwiftPackageReference;
			repositoryURL = "https://github.com/google/GoogleSignIn-iOS";
			requirement = {
				kind = upToNextMajorVersion;
				minimumVersion = 6.0.0;
			};
		};
/* End XCRemoteSwiftPackageReference section */

/* Begin XCSwiftPackageProductDependency section */
		4F3177A2291BF70B0019BDFC /* RxCocoa */ = {
			isa = XCSwiftPackageProductDependency;
			package = 4F3177A1291BF70B0019BDFC /* XCRemoteSwiftPackageReference "RxSwift" */;
			productName = RxCocoa;
		};
		4F3177A6291BF70B0019BDFC /* RxRelay */ = {
			isa = XCSwiftPackageProductDependency;
			package = 4F3177A1291BF70B0019BDFC /* XCRemoteSwiftPackageReference "RxSwift" */;
			productName = RxRelay;
		};
		4F3177AA291BF70B0019BDFC /* RxSwift */ = {
			isa = XCSwiftPackageProductDependency;
			package = 4F3177A1291BF70B0019BDFC /* XCRemoteSwiftPackageReference "RxSwift" */;
			productName = RxSwift;
		};
		4F3177AF291BF7950019BDFC /* SnapKit */ = {
			isa = XCSwiftPackageProductDependency;
			package = 4F3177AE291BF7950019BDFC /* XCRemoteSwiftPackageReference "SnapKit" */;
			productName = SnapKit;
		};
		4F3177B4291BF7BC0019BDFC /* Kingfisher */ = {
			isa = XCSwiftPackageProductDependency;
			package = 4F3177B3291BF7BC0019BDFC /* XCRemoteSwiftPackageReference "Kingfisher" */;
			productName = Kingfisher;
		};
		66F0D7F629260BA20074872E /* GoogleSignIn */ = {
			isa = XCSwiftPackageProductDependency;
			package = 66F0D7F529260BA20074872E /* XCRemoteSwiftPackageReference "GoogleSignIn-iOS" */;
			productName = GoogleSignIn;
		};
/* End XCSwiftPackageProductDependency section */
	};
	rootObject = 4F317771291BE4710019BDFC /* Project object */;
}
